
Microsoft Visual Studio Solution File, Format Version 12.00
# Visual Studio Version 17
VisualStudioVersion = 17.14.36705.20 d17.14
MinimumVisualStudioVersion = 10.0.40219.1
Project("{FAE04EC0-301F-11D3-BF4B-00C04F79EFBC}") = "WpfCompresse decompresse", "WpfCompresse decompresse.csproj", "{DB2A8074-7415-4F03-A176-9C954C86A773}"
EndProject
Global
	GlobalSection(SolutionConfigurationPlatforms) = preSolution
		Debug|Any CPU = Debug|Any CPU
		Release|Any CPU = Release|Any CPU
	EndGlobalSection
	GlobalSection(ProjectConfigurationPlatforms) = postSolution
		{DB2A8074-7415-4F03-A176-9C954C86A773}.Debug|Any CPU.ActiveCfg = Debug|Any CPU
		{DB2A8074-7415-4F03-A176-9C954C86A773}.Debug|Any CPU.Build.0 = Debug|Any CPU
		{DB2A8074-7415-4F03-A176-9C954C86A773}.Release|Any CPU.ActiveCfg = Release|Any CPU
		{DB2A8074-7415-4F03-A176-9C954C86A773}.Release|Any CPU.Build.0 = Release|Any CPU
	EndGlobalSection
	GlobalSection(SolutionProperties) = preSolution
		HideSolutionNode = FALSE
	EndGlobalSection
	GlobalSection(ExtensibilityGlobals) = postSolution
		SolutionGuid = {5E724AAD-2C99-4515-B6CC-9C00F6642C15}
	EndGlobalSection
EndGlobal
